<?xml version="1.0" encoding="utf-8"?>
<Project ToolsVersion="4.0" xmlns="http://schemas.microsoft.com/developer/msbuild/2003">
  <ItemGroup>
    <Filter Include="Source Files">
      <UniqueIdentifier>{4FC737F1-C7A5-4376-A066-2A32D752A2FF}</UniqueIdentifier>
      <Extensions>cpp;c;cc;cxx;c++;cppm;ixx;def;odl;idl;hpj;bat;asm;asmx</Extensions>
    </Filter>
    <Filter Include="Header Files">
      <UniqueIdentifier>{93995380-89BD-4b04-88EB-625FBE52EBFB}</UniqueIdentifier>
      <Extensions>h;hh;hpp;hxx;h++;hm;inl;inc;ipp;xsd</Extensions>
    </Filter>
    <Filter Include="Resource Files">
      <UniqueIdentifier>{67DA6AB6-F800-4c08-8B7A-83BB121AAD01}</UniqueIdentifier>
      <Extensions>rc;ico;cur;bmp;dlg;rc2;rct;bin;rgs;gif;jpg;jpeg;jpe;resx;tiff;tif;png;wav;mfcribbon-ms</Extensions>
    </Filter>
    <Filter Include="Header Files\ModelDefinitions">
      <UniqueIdentifier>{ff5d552c-3c6f-4c76-8b17-56e64c7f925c}</UniqueIdentifier>
    </Filter>
    <Filter Include="Header Files\ShaderDefinitions">
      <UniqueIdentifier>{b682c0ab-cf12-48ed-8afe-04b3cbba34b1}</UniqueIdentifier>
    </Filter>
    <Filter Include="Header Files\Shaders">
      <UniqueIdentifier>{236560dc-f920-4c87-848f-80d921d57fd0}</UniqueIdentifier>
    </Filter>
    <Filter Include="Source Files\Shaders">
      <UniqueIdentifier>{01776d5b-d96e-429e-84d9-7f73e9b4cd35}</UniqueIdentifier>
    </Filter>
    <Filter Include="Header Files\Model">
      <UniqueIdentifier>{b5bc8a99-ba0e-48b0-867d-9ef6b7704699}</UniqueIdentifier>
    </Filter>
    <Filter Include="Source Files\Models">
      <UniqueIdentifier>{d98ba1c1-0e74-493f-90ab-7eff1e005781}</UniqueIdentifier>
    </Filter>
    <Filter Include="Source Files\Scenes">
      <UniqueIdentifier>{8dbfc32c-63ea-4588-8474-5e8464fe3091}</UniqueIdentifier>
    </Filter>
  </ItemGroup>
  <ItemGroup>
    <ClCompile Include="main.cpp">
      <Filter>Source Files</Filter>
    </ClCompile>
    <ClCompile Include="Renderer.cpp">
      <Filter>Source Files</Filter>
    </ClCompile>
    <ClCompile Include="CallBacks.cpp">
      <Filter>Source Files</Filter>
    </ClCompile>
    <ClCompile Include="DrawableModel.cpp">
      <Filter>Source Files</Filter>
    </ClCompile>
    <ClCompile Include="CallbackController.cpp">
      <Filter>Source Files</Filter>
    </ClCompile>
    <ClCompile Include="Transformation.cpp">
      <Filter>Source Files</Filter>
    </ClCompile>
    <ClCompile Include="TransformationComposite.cpp">
      <Filter>Source Files</Filter>
    </ClCompile>
    <ClCompile Include="RotationTransformation.cpp">
      <Filter>Source Files</Filter>
    </ClCompile>
    <ClCompile Include="TranslationTransformation.cpp">
      <Filter>Source Files</Filter>
    </ClCompile>
    <ClCompile Include="ScaleTransformation.cpp">
      <Filter>Source Files</Filter>
    </ClCompile>
    <ClCompile Include="Camera.cpp">
      <Filter>Source Files</Filter>
    </ClCompile>
    <ClCompile Include="Subject.cpp">
      <Filter>Source Files</Filter>
    </ClCompile>
    <ClCompile Include="Observer.cpp">
      <Filter>Source Files</Filter>
    </ClCompile>
    <ClCompile Include="BaseLight.cpp">
      <Filter>Source Files</Filter>
    </ClCompile>
    <ClCompile Include="ShaderLoader.cpp">
      <Filter>Source Files\Shaders</Filter>
    </ClCompile>
    <ClCompile Include="BlinnShader.cpp">
      <Filter>Source Files\Shaders</Filter>
    </ClCompile>
    <ClCompile Include="BlueShader.cpp">
      <Filter>Source Files\Shaders</Filter>
    </ClCompile>
    <ClCompile Include="LambertShader.cpp">
      <Filter>Source Files\Shaders</Filter>
    </ClCompile>
    <ClCompile Include="PhongShader.cpp">
      <Filter>Source Files\Shaders</Filter>
    </ClCompile>
    <ClCompile Include="RainbowShader.cpp">
      <Filter>Source Files\Shaders</Filter>
    </ClCompile>
    <ClCompile Include="RedShader.cpp">
      <Filter>Source Files\Shaders</Filter>
    </ClCompile>
    <ClCompile Include="Shader.cpp">
      <Filter>Source Files\Shaders</Filter>
    </ClCompile>
    <ClCompile Include="BushModel.cpp">
      <Filter>Source Files\Models</Filter>
    </ClCompile>
    <ClCompile Include="CubeModel.cpp">
      <Filter>Source Files\Models</Filter>
    </ClCompile>
    <ClCompile Include="GiftModel.cpp">
      <Filter>Source Files\Models</Filter>
    </ClCompile>
    <ClCompile Include="Model.cpp">
      <Filter>Source Files\Models</Filter>
    </ClCompile>
    <ClCompile Include="PlainModel.cpp">
      <Filter>Source Files\Models</Filter>
    </ClCompile>
    <ClCompile Include="SphereModel.cpp">
      <Filter>Source Files\Models</Filter>
    </ClCompile>
    <ClCompile Include="SquareModel.cpp">
      <Filter>Source Files\Models</Filter>
    </ClCompile>
    <ClCompile Include="SuziModel.cpp">
      <Filter>Source Files\Models</Filter>
    </ClCompile>
    <ClCompile Include="TreeModel.cpp">
      <Filter>Source Files\Models</Filter>
    </ClCompile>
    <ClCompile Include="TriangleModel.cpp">
      <Filter>Source Files\Models</Filter>
    </ClCompile>
    <ClCompile Include="Material.cpp">
      <Filter>Source Files</Filter>
    </ClCompile>
    <ClCompile Include="PointLight.cpp">
      <Filter>Source Files</Filter>
    </ClCompile>
    <ClCompile Include="ConstantShader.cpp">
      <Filter>Source Files\Shaders</Filter>
    </ClCompile>
    <ClCompile Include="ShaderProgram.cpp">
      <Filter>Source Files\Shaders</Filter>
    </ClCompile>
    <ClCompile Include="SceneOne.cpp">
      <Filter>Source Files\Scenes</Filter>
    </ClCompile>
    <ClCompile Include="SceneThree.cpp">
      <Filter>Source Files\Scenes</Filter>
    </ClCompile>
    <ClCompile Include="SceneTwo.cpp">
      <Filter>Source Files\Scenes</Filter>
    </ClCompile>
    <ClCompile Include="ForestScene.cpp">
      <Filter>Source Files\Scenes</Filter>
    </ClCompile>
    <ClCompile Include="LightTestScene.cpp">
      <Filter>Source Files\Scenes</Filter>
    </ClCompile>
    <ClCompile Include="PlanetScene.cpp">
      <Filter>Source Files\Scenes</Filter>
    </ClCompile>
    <ClCompile Include="Scene.cpp">
      <Filter>Source Files\Scenes</Filter>
    </ClCompile>
    <ClCompile Include="SizeScene.cpp">
      <Filter>Source Files\Scenes</Filter>
    </ClCompile>
    <ClCompile Include="DirectionalLight.cpp">
      <Filter>Source Files</Filter>
    </ClCompile>
    <ClCompile Include="SpotLight.cpp">
      <Filter>Source Files</Filter>
    </ClCompile>
    <ClCompile Include="RotationAroundObjectTransformation.cpp">
      <Filter>Source Files</Filter>
    </ClCompile>
    <ClCompile Include="PhongShaderMultipleLights.cpp">
      <Filter>Source Files</Filter>
    </ClCompile>
    <ClCompile Include="LightRepository.cpp">
      <Filter>Source Files</Filter>
    </ClCompile>
    <ClCompile Include="TexturedPlainModel.cpp">
      <Filter>Source Files</Filter>
    </ClCompile>
    <ClCompile Include="SkyBoxTextureShader.cpp">
      <Filter>Source Files</Filter>
    </ClCompile>
    <ClCompile Include="SkyCubeModel.cpp">
      <Filter>Source Files</Filter>
    </ClCompile>
    <ClCompile Include="Texture.cpp">
      <Filter>Source Files</Filter>
    </ClCompile>
    <ClCompile Include="TextureShader.cpp">
      <Filter>Source Files</Filter>
    </ClCompile>
    <ClCompile Include="TextureTestScene.cpp">
      <Filter>Source Files</Filter>
    </ClCompile>
    <ClCompile Include="Texture2D.cpp">
      <Filter>Source Files</Filter>
    </ClCompile>
    <ClCompile Include="TextureRepository.cpp">
      <Filter>Source Files</Filter>
    </ClCompile>
    <ClCompile Include="TextureCubeMap.cpp">
      <Filter>Source Files</Filter>
    </ClCompile>
    <ClCompile Include="ModelRepository.cpp">
      <Filter>Source Files</Filter>
    </ClCompile>
    <ClCompile Include="DrawableSkyBox.cpp">
      <Filter>Source Files</Filter>
    </ClCompile>
    <ClCompile Include="PhongMultipleLightsTextured.cpp">
      <Filter>Source Files</Filter>
    </ClCompile>
    <ClCompile Include="HouseModel.cpp">
      <Filter>Source Files</Filter>
    </ClCompile>
    <ClCompile Include="ModelLoadingScene.cpp">
      <Filter>Source Files</Filter>
    </ClCompile>
    <ClCompile Include="ZombieModel.cpp">
      <Filter>Source Files</Filter>
    </ClCompile>
    <ClCompile Include="ClickTestScene.cpp">
      <Filter>Source Files</Filter>
    </ClCompile>
  </ItemGroup>
  <ItemGroup>
    <ClInclude Include="Scene.h">
      <Filter>Header Files</Filter>
    </ClInclude>
    <ClInclude Include="Renderer.h">
      <Filter>Header Files</Filter>
    </ClInclude>
    <ClInclude Include="CallBacks.h">
      <Filter>Header Files</Filter>
    </ClInclude>
    <ClInclude Include="DrawableModel.h">
      <Filter>Header Files</Filter>
    </ClInclude>
    <ClInclude Include="CallbackController.h">
      <Filter>Header Files</Filter>
    </ClInclude>
    <ClInclude Include="Transformation.h">
      <Filter>Header Files</Filter>
    </ClInclude>
    <ClInclude Include="TransformationComposite.h">
      <Filter>Header Files</Filter>
    </ClInclude>
    <ClInclude Include="RotationTransformation.h">
      <Filter>Header Files</Filter>
    </ClInclude>
    <ClInclude Include="TranslationTransformation.h">
      <Filter>Header Files</Filter>
    </ClInclude>
    <ClInclude Include="ScaleTransformation.h">
      <Filter>Header Files</Filter>
    </ClInclude>
    <ClInclude Include="Camera.h">
      <Filter>Header Files</Filter>
    </ClInclude>
    <ClInclude Include="Sphere.h">
      <Filter>Header Files\ModelDefinitions</Filter>
    </ClInclude>
    <ClInclude Include="Subject.h">
      <Filter>Header Files</Filter>
    </ClInclude>
    <ClInclude Include="Observer.h">
      <Filter>Header Files</Filter>
    </ClInclude>
    <ClInclude Include="suziFlat.h">
      <Filter>Header Files\ModelDefinitions</Filter>
    </ClInclude>
    <ClInclude Include="suziSmooth.h">
      <Filter>Header Files\ModelDefinitions</Filter>
    </ClInclude>
    <ClInclude Include="Plain.h">
      <Filter>Header Files\ModelDefinitions</Filter>
    </ClInclude>
    <ClInclude Include="Bushes.h">
      <Filter>Header Files\ModelDefinitions</Filter>
    </ClInclude>
    <ClInclude Include="BaseLight.h">
      <Filter>Header Files</Filter>
    </ClInclude>
    <ClInclude Include="SceneOne.h">
      <Filter>Header Files</Filter>
    </ClInclude>
    <ClInclude Include="Cube.h">
      <Filter>Header Files</Filter>
    </ClInclude>
    <ClInclude Include="SceneTwo.h">
      <Filter>Header Files</Filter>
    </ClInclude>
    <ClInclude Include="SceneThree.h">
      <Filter>Header Files</Filter>
    </ClInclude>
    <ClInclude Include="Gift.h">
      <Filter>Header Files\ModelDefinitions</Filter>
    </ClInclude>
    <ClInclude Include="BlinnShader.h">
      <Filter>Header Files\Shaders</Filter>
    </ClInclude>
    <ClInclude Include="BlueShader.h">
      <Filter>Header Files\Shaders</Filter>
    </ClInclude>
    <ClInclude Include="LambertShader.h">
      <Filter>Header Files\Shaders</Filter>
    </ClInclude>
    <ClInclude Include="PhongShader.h">
      <Filter>Header Files\Shaders</Filter>
    </ClInclude>
    <ClInclude Include="RainbowShader.h">
      <Filter>Header Files\Shaders</Filter>
    </ClInclude>
    <ClInclude Include="RedShader.h">
      <Filter>Header Files\Shaders</Filter>
    </ClInclude>
    <ClInclude Include="ShaderLoader.h">
      <Filter>Header Files\Shaders</Filter>
    </ClInclude>
    <ClInclude Include="Shader.h">
      <Filter>Header Files\Shaders</Filter>
    </ClInclude>
    <ClInclude Include="TriangleModel.h">
      <Filter>Header Files\Model</Filter>
    </ClInclude>
    <ClInclude Include="BushModel.h">
      <Filter>Header Files\Model</Filter>
    </ClInclude>
    <ClInclude Include="CubeModel.h">
      <Filter>Header Files\Model</Filter>
    </ClInclude>
    <ClInclude Include="GiftModel.h">
      <Filter>Header Files\Model</Filter>
    </ClInclude>
    <ClInclude Include="Model.h">
      <Filter>Header Files\Model</Filter>
    </ClInclude>
    <ClInclude Include="PlainModel.h">
      <Filter>Header Files\Model</Filter>
    </ClInclude>
    <ClInclude Include="SphereModel.h">
      <Filter>Header Files\Model</Filter>
    </ClInclude>
    <ClInclude Include="SquareModel.h">
      <Filter>Header Files\Model</Filter>
    </ClInclude>
    <ClInclude Include="SuziModel.h">
      <Filter>Header Files\Model</Filter>
    </ClInclude>
    <ClInclude Include="TreeModel.h">
      <Filter>Header Files\Model</Filter>
    </ClInclude>
    <ClInclude Include="Tree.h">
      <Filter>Header Files\ModelDefinitions</Filter>
    </ClInclude>
    <ClInclude Include="Material.h">
      <Filter>Header Files</Filter>
    </ClInclude>
    <ClInclude Include="PlanetScene.h">
      <Filter>Header Files</Filter>
    </ClInclude>
    <ClInclude Include="ForestScene.h">
      <Filter>Header Files</Filter>
    </ClInclude>
    <ClInclude Include="SizeScene.h">
      <Filter>Header Files</Filter>
    </ClInclude>
    <ClInclude Include="LightTestScene.h">
      <Filter>Header Files</Filter>
    </ClInclude>
    <ClInclude Include="PointLight.h">
      <Filter>Header Files</Filter>
    </ClInclude>
    <ClInclude Include="ConstantShader.h">
      <Filter>Header Files\Shaders</Filter>
    </ClInclude>
    <ClInclude Include="ShaderProgram.h">
      <Filter>Header Files\Shaders</Filter>
    </ClInclude>
    <ClInclude Include="DirectionalLight.h">
      <Filter>Header Files</Filter>
    </ClInclude>
    <ClInclude Include="SpotLight.h">
      <Filter>Header Files</Filter>
    </ClInclude>
    <ClInclude Include="RotationAroundObjectTransformation.h">
      <Filter>Header Files</Filter>
    </ClInclude>
    <ClInclude Include="PhongShaderMultipleLights.h">
      <Filter>Header Files</Filter>
    </ClInclude>
    <ClInclude Include="LightRepository.h">
      <Filter>Header Files</Filter>
    </ClInclude>
    <ClInclude Include="TexturedPlain.h">
      <Filter>Header Files\ModelDefinitions</Filter>
    </ClInclude>
    <ClInclude Include="TexturedPlainModel.h">
      <Filter>Header Files</Filter>
    </ClInclude>
    <ClInclude Include="SkyBoxTextureShader.h">
      <Filter>Header Files</Filter>
    </ClInclude>
    <ClInclude Include="SkyCube.h">
      <Filter>Header Files</Filter>
    </ClInclude>
    <ClInclude Include="SkyCubeModel.h">
      <Filter>Header Files</Filter>
    </ClInclude>
    <ClInclude Include="Texture.h">
      <Filter>Header Files</Filter>
    </ClInclude>
    <ClInclude Include="TextureShader.h">
      <Filter>Header Files</Filter>
    </ClInclude>
    <ClInclude Include="TextureTestScene.h">
      <Filter>Header Files</Filter>
    </ClInclude>
    <ClInclude Include="Texture2D.h">
      <Filter>Header Files</Filter>
    </ClInclude>
    <ClInclude Include="TextureRepository.h">
      <Filter>Header Files</Filter>
    </ClInclude>
    <ClInclude Include="TextureCubeMap.h">
      <Filter>Header Files</Filter>
    </ClInclude>
    <ClInclude Include="ModelRepository.h">
      <Filter>Header Files</Filter>
    </ClInclude>
    <ClInclude Include="DrawableSkyBox.h">
      <Filter>Header Files</Filter>
    </ClInclude>
    <ClInclude Include="PhongMultipleLightsTextured.h">
      <Filter>Header Files</Filter>
    </ClInclude>
    <ClInclude Include="HouseModel.h">
      <Filter>Header Files</Filter>
    </ClInclude>
    <ClInclude Include="ModelLoadingScene.h">
      <Filter>Header Files</Filter>
    </ClInclude>
    <ClInclude Include="ZombieModel.h">
      <Filter>Header Files</Filter>
    </ClInclude>
    <ClInclude Include="ClickTestScene.h">
      <Filter>Header Files</Filter>
    </ClInclude>
  </ItemGroup>
  <ItemGroup>
    <None Include="RedShader.vert">
      <Filter>Header Files\ShaderDefinitions</Filter>
    </None>
    <None Include="RedShader.frag">
      <Filter>Header Files\ShaderDefinitions</Filter>
    </None>
    <None Include="PhongShader.frag">
      <Filter>Header Files\ShaderDefinitions</Filter>
    </None>
    <None Include="PhongShader.vert">
      <Filter>Header Files\ShaderDefinitions</Filter>
    </None>
    <None Include="BlueShader.frag">
      <Filter>Header Files\ShaderDefinitions</Filter>
    </None>
    <None Include="BlueShader.vert">
      <Filter>Header Files\ShaderDefinitions</Filter>
    </None>
    <None Include="LambertShader.frag">
      <Filter>Header Files\ShaderDefinitions</Filter>
    </None>
    <None Include="LambertShader.vert">
      <Filter>Header Files\ShaderDefinitions</Filter>
    </None>
    <None Include="RainbowShader.vert">
      <Filter>Header Files\ShaderDefinitions</Filter>
    </None>
    <None Include="RainbowShader.frag">
      <Filter>Header Files\ShaderDefinitions</Filter>
    </None>
    <None Include="BlinnShader.frag">
      <Filter>Header Files\ShaderDefinitions</Filter>
    </None>
    <None Include="BlinnShader.vert">
      <Filter>Header Files\ShaderDefinitions</Filter>
    </None>
    <None Include="ConstantShader.frag">
      <Filter>Header Files\ShaderDefinitions</Filter>
    </None>
    <None Include="PhongShaderMultipleLights.vert">
      <Filter>Header Files\ShaderDefinitions</Filter>
    </None>
    <None Include="PhongShaderMultipleLights.frag">
      <Filter>Header Files\ShaderDefinitions</Filter>
    </None>
    <None Include="ConstantShader.vert" />
    <None Include="SkyBoxTextureShader.frag" />
    <None Include="SkyBoxTextureShader.vert" />
    <None Include="TextureShader.frag" />
    <None Include="TextureShader.vert" />
    <None Include="PhongMultipleLightsTextured.vert" />
    <None Include="PhongMultipleLightsTextured.frag" />
  </ItemGroup>
</Project>